# Generated by pub
# See https://dart.dev/tools/pub/glossary#lockfile
packages:
  archive:
    dependency: transitive
    description:
      name: archive
      sha256: cb6a278ef2dbb298455e1a713bda08524a175630ec643a242c399c932a0a1f7d
      url: "https://pub.dev"
    source: hosted
    version: "3.6.1"
  callback_handler:
    dependency: transitive
    description:
      name: callback_handler
      sha256: "629f09b8d987720aad662927b938d87307994d49be66493c031298d7bc2f819b"
      url: "https://pub.dev"
    source: hosted
    version: "0.0.3"
  clock_dart:
    dependency: transitive
    description:
      name: clock_dart
      sha256: "0a35d9555ad4a3a92a6e0f6ead728e13f20fcd5fbe97839455da031dba6ed09f"
      url: "https://pub.dev"
    source: hosted
    version: "1.0.0"
  collection:
    dependency: transitive
    description:
      name: collection
      sha256: "2f5709ae4d3d59dd8f7cd309b4e023046b57d8a6c82130785d2b0e5868084e76"
      url: "https://pub.dev"
    source: hosted
    version: "1.19.1"
  crypto:
    dependency: transitive
    description:
      name: crypto
      sha256: c8ea0233063ba03258fbcf2ca4d6dadfefe14f02fab57702265467a19f27fadf
      url: "https://pub.dev"
    source: hosted
    version: "3.0.7"
  json_annotation:
    dependency: transitive
    description:
      name: json_annotation
      sha256: cb09e7dac6210041fad964ed7fbee004f14258b4eca4040f72d1234062ace4c8
      url: "https://pub.dev"
    source: hosted
    version: "4.11.0"
  lints:
    dependency: "direct dev"
    description:
      name: lints
      sha256: "12f842a479589fea194fe5c5a3095abc7be0c1f2ddfa9a0e76aed1dbd26a87df"
      url: "https://pub.dev"
    source: hosted
    version: "6.1.0"
  meta:
    dependency: transitive
    description:
      name: meta
      sha256: "9f29b9bcc8ee287b1a31e0d01be0eae99a930dbffdaecf04b3f3d82a969f296f"
      url: "https://pub.dev"
    source: hosted
    version: "1.18.1"
  ntp:
    dependency: transitive
    description:
      name: ntp
      sha256: "198db73e5059b334b50dbe8c626011c26576778ee9fc53f4c55c1d89d08ed2d2"
      url: "https://pub.dev"
    source: hosted
    version: "2.0.0"
  path:
    dependency: transitive
    description:
      name: path
      sha256: "75cca69d1490965be98c73ceaea117e8a04dd21217b37b292c9ddbec0d955bc5"
      url: "https://pub.dev"
    source: hosted
    version: "1.9.1"
  shsp:
    dependency: "direct main"
    description:
      path: "../packages/shsp"
      relative: true
    source: path
    version: "2.0.0"
  stun:
    dependency: transitive
    description:
      name: stun
      sha256: "493fd0a7cef42b097d645cbed30504456c0e28e2b794f5096edf499c02aa539f"
      url: "https://pub.dev"
    source: hosted
    version: "1.2.0"
  typed_data:
    dependency: transitive
    description:
      name: typed_data
      sha256: f9049c039ebfeb4cf7a7104a675823cd72dba8297f264b6637062516699fa006
      url: "https://pub.dev"
    source: hosted
    version: "1.4.0"
sdks:
  dart: ">=3.9.4 <4.0.0"
